// !$*UTF8*$!
{
	archiveVersion = 1;
	classes = {
	};
	objectVersion = 46;
	objects = {

/* Begin PBXBuildFile section */
		BE12AF901F9EF52000FB2186 /* main.m in Sources */ = {isa = PBXBuildFile; fileRef = BE12AF8F1F9EF52000FB2186 /* main.m */; };
		BE12AF931F9EF52000FB2186 /* AppDelegate.m in Sources */ = {isa = PBXBuildFile; fileRef = BE12AF921F9EF52000FB2186 /* AppDelegate.m */; };
		BE12AF991F9EF52000FB2186 /* Main.storyboard in Resources */ = {isa = PBXBuildFile; fileRef = BE12AF971F9EF52000FB2186 /* Main.storyboard */; };
		BE12AF9B1F9EF52000FB2186 /* Assets.xcassets in Resources */ = {isa = PBXBuildFile; fileRef = BE12AF9A1F9EF52000FB2186 /* Assets.xcassets */; };
		BE12AF9E1F9EF52000FB2186 /* LaunchScreen.storyboard in Resources */ = {isa = PBXBuildFile; fileRef = BE12AF9C1F9EF52000FB2186 /* LaunchScreen.storyboard */; };
		BE12AFA91F9EF52000FB2186 /* DrawingTestTests.m in Sources */ = {isa = PBXBuildFile; fileRef = BE12AFA81F9EF52000FB2186 /* DrawingTestTests.m */; };
		BE12AFB41F9EF52000FB2186 /* DrawingTestUITests.m in Sources */ = {isa = PBXBuildFile; fileRef = BE12AFB31F9EF52000FB2186 /* DrawingTestUITests.m */; };
		BE12AFC51F9EFB1400FB2186 /* image.jpg in Resources */ = {isa = PBXBuildFile; fileRef = BE12AFC41F9EFB1400FB2186 /* image.jpg */; };
		BE1C3C2D1FA0571C00D45815 /* OpenGLView.mm in Sources */ = {isa = PBXBuildFile; fileRef = BE1C3C2C1FA0571C00D45815 /* OpenGLView.mm */; };
		BE1C3C301FA0573A00D45815 /* OpenGLES.framework in Frameworks */ = {isa = PBXBuildFile; fileRef = BE1C3C2F1FA0573A00D45815 /* OpenGLES.framework */; };
		BE1C3C321FA0574200D45815 /* QuartzCore.framework in Frameworks */ = {isa = PBXBuildFile; fileRef = BE1C3C311FA0574200D45815 /* QuartzCore.framework */; };
		BE1C3C351FA057C400D45815 /* GLViewController.m in Sources */ = {isa = PBXBuildFile; fileRef = BE1C3C341FA057C400D45815 /* GLViewController.m */; };
		BE3BB9611FA09E87003E63C7 /* Particle.png in Resources */ = {isa = PBXBuildFile; fileRef = BE3BB9601FA09E87003E63C7 /* Particle.png */; };
		BEE52CAF1FAA0D48001E1A7E /* mk.png in Resources */ = {isa = PBXBuildFile; fileRef = BEE52CAE1FAA0D48001E1A7E /* mk.png */; };
		BEE52CB11FAA1AF3001E1A7E /* cat.png in Resources */ = {isa = PBXBuildFile; fileRef = BEE52CB01FAA1AF3001E1A7E /* cat.png */; };
		BEE52CB31FAA1C60001E1A7E /* bw.jpg in Resources */ = {isa = PBXBuildFile; fileRef = BEE52CB21FAA1C60001E1A7E /* bw.jpg */; };
		EB0456681FDB1C4E00247AF4 /* CameraGLView.m in Sources */ = {isa = PBXBuildFile; fileRef = EB0456671FDB1C4E00247AF4 /* CameraGLView.m */; };
		EB04566C1FDB1F0F00247AF4 /* FDCameraRenderer.mm in Sources */ = {isa = PBXBuildFile; fileRef = EB04566B1FDB1F0F00247AF4 /* FDCameraRenderer.mm */; };
		EB0DD1101FDB22C80047FFA2 /* AVFoundation.framework in Frameworks */ = {isa = PBXBuildFile; fileRef = EB0DD10F1FDB22A20047FFA2 /* AVFoundation.framework */; };
		EB0DD1121FDB234C0047FFA2 /* CoreMedia.framework in Frameworks */ = {isa = PBXBuildFile; fileRef = EB0DD1111FDB22CD0047FFA2 /* CoreMedia.framework */; };
		EB0DD1171FDB24750047FFA2 /* FDCameraSessionHandler.mm in Sources */ = {isa = PBXBuildFile; fileRef = EB0DD1141FDB24740047FFA2 /* FDCameraSessionHandler.mm */; };
		EB0DD1181FDB24750047FFA2 /* FDCameraViewController.mm in Sources */ = {isa = PBXBuildFile; fileRef = EB0DD1151FDB24750047FFA2 /* FDCameraViewController.mm */; };
		EB0F84F71FBB9C2600B8DCC7 /* image.jpeg in Resources */ = {isa = PBXBuildFile; fileRef = EB0F84F61FBB9C2600B8DCC7 /* image.jpeg */; };
		EB0F84F91FBBA10800B8DCC7 /* spot.jpg in Resources */ = {isa = PBXBuildFile; fileRef = EB0F84F81FBBA10800B8DCC7 /* spot.jpg */; };
		EB0F84FB1FBBA41D00B8DCC7 /* spot2.jpg in Resources */ = {isa = PBXBuildFile; fileRef = EB0F84FA1FBBA41D00B8DCC7 /* spot2.jpg */; };
		EB30944C1FE05A350011B937 /* TextureLoader.m in Sources */ = {isa = PBXBuildFile; fileRef = EB30944B1FE05A350011B937 /* TextureLoader.m */; };
		EB3094501FE065D70011B937 /* ShaderBaseProgram.m in Sources */ = {isa = PBXBuildFile; fileRef = EB30944F1FE065D70011B937 /* ShaderBaseProgram.m */; };
		EB3094551FE065F10011B937 /* RGBQuadFProgram.glsl in Resources */ = {isa = PBXBuildFile; fileRef = EB3094511FE065F10011B937 /* RGBQuadFProgram.glsl */; };
		EB3094561FE065F10011B937 /* BlurVertexShader.glsl in Resources */ = {isa = PBXBuildFile; fileRef = EB3094521FE065F10011B937 /* BlurVertexShader.glsl */; };
		EB3094571FE065F10011B937 /* BlurFrgmentShader.glsl in Resources */ = {isa = PBXBuildFile; fileRef = EB3094531FE065F10011B937 /* BlurFrgmentShader.glsl */; };
		EB3094581FE065F10011B937 /* QuadVProgram.glsl in Resources */ = {isa = PBXBuildFile; fileRef = EB3094541FE065F10011B937 /* QuadVProgram.glsl */; };
		EB3094611FE067E10011B937 /* BlurShaderProgram.m in Sources */ = {isa = PBXBuildFile; fileRef = EB3094601FE067E10011B937 /* BlurShaderProgram.m */; };
		EB5ED4E31FD9C04C0044CC42 /* image1.jpg in Resources */ = {isa = PBXBuildFile; fileRef = EB5ED4E21FD9C04B0044CC42 /* image1.jpg */; };
		EB5ED4E51FD9C9220044CC42 /* img.png in Resources */ = {isa = PBXBuildFile; fileRef = EB5ED4E41FD9C9220044CC42 /* img.png */; };
		EB74578F1FE077F100E19511 /* YUVQuadFProgram.glsl in Resources */ = {isa = PBXBuildFile; fileRef = EB74578E1FE077F100E19511 /* YUVQuadFProgram.glsl */; };
		EB754DE51FE3A5D300951581 /* TCCameraSession.m in Sources */ = {isa = PBXBuildFile; fileRef = EB754DE41FE3A5D200951581 /* TCCameraSession.m */; };
		EB754DEB1FE3A5E500951581 /* GLKDetectionView.m in Sources */ = {isa = PBXBuildFile; fileRef = EB754DE91FE3A5E400951581 /* GLKDetectionView.m */; };
		EB754DEE1FE3AAEE00951581 /* MSCameraViewController.m in Sources */ = {isa = PBXBuildFile; fileRef = EB754DEC1FE3AAEE00951581 /* MSCameraViewController.m */; };
/* End PBXBuildFile section */

/* Begin PBXContainerItemProxy section */
		BE12AFA51F9EF52000FB2186 /* PBXContainerItemProxy */ = {
			isa = PBXContainerItemProxy;
			containerPortal = BE12AF831F9EF52000FB2186 /* Project object */;
			proxyType = 1;
			remoteGlobalIDString = BE12AF8A1F9EF52000FB2186;
			remoteInfo = DrawingTest;
		};
		BE12AFB01F9EF52000FB2186 /* PBXContainerItemProxy */ = {
			isa = PBXContainerItemProxy;
			containerPortal = BE12AF831F9EF52000FB2186 /* Project object */;
			proxyType = 1;
			remoteGlobalIDString = BE12AF8A1F9EF52000FB2186;
			remoteInfo = DrawingTest;
		};
/* End PBXContainerItemProxy section */

/* Begin PBXFileReference section */
		BE12AF8B1F9EF52000FB2186 /* DrawingTest.app */ = {isa = PBXFileReference; explicitFileType = wrapper.application; includeInIndex = 0; path = DrawingTest.app; sourceTree = BUILT_PRODUCTS_DIR; };
		BE12AF8F1F9EF52000FB2186 /* main.m */ = {isa = PBXFileReference; lastKnownFileType = sourcecode.c.objc; path = main.m; sourceTree = "<group>"; };
		BE12AF911F9EF52000FB2186 /* AppDelegate.h */ = {isa = PBXFileReference; lastKnownFileType = sourcecode.c.h; path = AppDelegate.h; sourceTree = "<group>"; };
		BE12AF921F9EF52000FB2186 /* AppDelegate.m */ = {isa = PBXFileReference; lastKnownFileType = sourcecode.c.objc; path = AppDelegate.m; sourceTree = "<group>"; };
		BE12AF981F9EF52000FB2186 /* Base */ = {isa = PBXFileReference; lastKnownFileType = file.storyboard; name = Base; path = Base.lproj/Main.storyboard; sourceTree = "<group>"; };
		BE12AF9A1F9EF52000FB2186 /* Assets.xcassets */ = {isa = PBXFileReference; lastKnownFileType = folder.assetcatalog; path = Assets.xcassets; sourceTree = "<group>"; };
		BE12AF9D1F9EF52000FB2186 /* Base */ = {isa = PBXFileReference; lastKnownFileType = file.storyboard; name = Base; path = Base.lproj/LaunchScreen.storyboard; sourceTree = "<group>"; };
		BE12AF9F1F9EF52000FB2186 /* Info.plist */ = {isa = PBXFileReference; lastKnownFileType = text.plist.xml; path = Info.plist; sourceTree = "<group>"; };
		BE12AFA41F9EF52000FB2186 /* DrawingTestTests.xctest */ = {isa = PBXFileReference; explicitFileType = wrapper.cfbundle; includeInIndex = 0; path = DrawingTestTests.xctest; sourceTree = BUILT_PRODUCTS_DIR; };
		BE12AFA81F9EF52000FB2186 /* DrawingTestTests.m */ = {isa = PBXFileReference; lastKnownFileType = sourcecode.c.objc; path = DrawingTestTests.m; sourceTree = "<group>"; };
		BE12AFAA1F9EF52000FB2186 /* Info.plist */ = {isa = PBXFileReference; lastKnownFileType = text.plist.xml; path = Info.plist; sourceTree = "<group>"; };
		BE12AFAF1F9EF52000FB2186 /* DrawingTestUITests.xctest */ = {isa = PBXFileReference; explicitFileType = wrapper.cfbundle; includeInIndex = 0; path = DrawingTestUITests.xctest; sourceTree = BUILT_PRODUCTS_DIR; };
		BE12AFB31F9EF52000FB2186 /* DrawingTestUITests.m */ = {isa = PBXFileReference; lastKnownFileType = sourcecode.c.objc; path = DrawingTestUITests.m; sourceTree = "<group>"; };
		BE12AFB51F9EF52000FB2186 /* Info.plist */ = {isa = PBXFileReference; lastKnownFileType = text.plist.xml; path = Info.plist; sourceTree = "<group>"; };
		BE12AFC41F9EFB1400FB2186 /* image.jpg */ = {isa = PBXFileReference; lastKnownFileType = image.jpeg; path = image.jpg; sourceTree = "<group>"; };
		BE1C3C2B1FA0571C00D45815 /* OpenGLView.h */ = {isa = PBXFileReference; fileEncoding = 4; lastKnownFileType = sourcecode.c.h; path = OpenGLView.h; sourceTree = "<group>"; };
		BE1C3C2C1FA0571C00D45815 /* OpenGLView.mm */ = {isa = PBXFileReference; fileEncoding = 4; lastKnownFileType = sourcecode.cpp.objcpp; path = OpenGLView.mm; sourceTree = "<group>"; };
		BE1C3C2F1FA0573A00D45815 /* OpenGLES.framework */ = {isa = PBXFileReference; lastKnownFileType = wrapper.framework; name = OpenGLES.framework; path = System/Library/Frameworks/OpenGLES.framework; sourceTree = SDKROOT; };
		BE1C3C311FA0574200D45815 /* QuartzCore.framework */ = {isa = PBXFileReference; lastKnownFileType = wrapper.framework; name = QuartzCore.framework; path = System/Library/Frameworks/QuartzCore.framework; sourceTree = SDKROOT; };
		BE1C3C331FA057C400D45815 /* GLViewController.h */ = {isa = PBXFileReference; fileEncoding = 4; lastKnownFileType = sourcecode.c.h; path = GLViewController.h; sourceTree = "<group>"; };
		BE1C3C341FA057C400D45815 /* GLViewController.m */ = {isa = PBXFileReference; fileEncoding = 4; lastKnownFileType = sourcecode.c.objc; path = GLViewController.m; sourceTree = "<group>"; };
		BE3BB9601FA09E87003E63C7 /* Particle.png */ = {isa = PBXFileReference; lastKnownFileType = image.png; path = Particle.png; sourceTree = "<group>"; };
		BEE52CAE1FAA0D48001E1A7E /* mk.png */ = {isa = PBXFileReference; lastKnownFileType = image.png; path = mk.png; sourceTree = "<group>"; };
		BEE52CB01FAA1AF3001E1A7E /* cat.png */ = {isa = PBXFileReference; lastKnownFileType = image.png; path = cat.png; sourceTree = "<group>"; };
		BEE52CB21FAA1C60001E1A7E /* bw.jpg */ = {isa = PBXFileReference; lastKnownFileType = image.jpeg; path = bw.jpg; sourceTree = "<group>"; };
		EB0456661FDB1C4E00247AF4 /* CameraGLView.h */ = {isa = PBXFileReference; lastKnownFileType = sourcecode.c.h; path = CameraGLView.h; sourceTree = "<group>"; };
		EB0456671FDB1C4E00247AF4 /* CameraGLView.m */ = {isa = PBXFileReference; lastKnownFileType = sourcecode.c.objc; path = CameraGLView.m; sourceTree = "<group>"; };
		EB0456691FDB1DC100247AF4 /* FDShaders.h */ = {isa = PBXFileReference; lastKnownFileType = sourcecode.c.h; path = FDShaders.h; sourceTree = "<group>"; };
		EB04566A1FDB1F0F00247AF4 /* FDCameraRenderer.h */ = {isa = PBXFileReference; fileEncoding = 4; lastKnownFileType = sourcecode.c.h; path = FDCameraRenderer.h; sourceTree = "<group>"; };
		EB04566B1FDB1F0F00247AF4 /* FDCameraRenderer.mm */ = {isa = PBXFileReference; fileEncoding = 4; lastKnownFileType = sourcecode.cpp.objcpp; path = FDCameraRenderer.mm; sourceTree = "<group>"; };
		EB0DD10F1FDB22A20047FFA2 /* AVFoundation.framework */ = {isa = PBXFileReference; lastKnownFileType = wrapper.framework; name = AVFoundation.framework; path = System/Library/Frameworks/AVFoundation.framework; sourceTree = SDKROOT; };
		EB0DD1111FDB22CD0047FFA2 /* CoreMedia.framework */ = {isa = PBXFileReference; lastKnownFileType = wrapper.framework; name = CoreMedia.framework; path = System/Library/Frameworks/CoreMedia.framework; sourceTree = SDKROOT; };
		EB0DD1131FDB24740047FFA2 /* FDCameraSessionHandler.h */ = {isa = PBXFileReference; fileEncoding = 4; lastKnownFileType = sourcecode.c.h; path = FDCameraSessionHandler.h; sourceTree = "<group>"; };
		EB0DD1141FDB24740047FFA2 /* FDCameraSessionHandler.mm */ = {isa = PBXFileReference; fileEncoding = 4; lastKnownFileType = sourcecode.cpp.objcpp; path = FDCameraSessionHandler.mm; sourceTree = "<group>"; };
		EB0DD1151FDB24750047FFA2 /* FDCameraViewController.mm */ = {isa = PBXFileReference; fileEncoding = 4; lastKnownFileType = sourcecode.cpp.objcpp; path = FDCameraViewController.mm; sourceTree = "<group>"; };
		EB0DD1161FDB24750047FFA2 /* FDCameraViewController.h */ = {isa = PBXFileReference; fileEncoding = 4; lastKnownFileType = sourcecode.c.h; path = FDCameraViewController.h; sourceTree = "<group>"; };
		EB0F84F61FBB9C2600B8DCC7 /* image.jpeg */ = {isa = PBXFileReference; lastKnownFileType = image.jpeg; path = image.jpeg; sourceTree = "<group>"; };
		EB0F84F81FBBA10800B8DCC7 /* spot.jpg */ = {isa = PBXFileReference; lastKnownFileType = image.jpeg; path = spot.jpg; sourceTree = "<group>"; };
		EB0F84FA1FBBA41D00B8DCC7 /* spot2.jpg */ = {isa = PBXFileReference; lastKnownFileType = image.jpeg; path = spot2.jpg; sourceTree = "<group>"; };
		EB30944A1FE05A340011B937 /* TextureLoader.h */ = {isa = PBXFileReference; fileEncoding = 4; lastKnownFileType = sourcecode.c.h; path = TextureLoader.h; sourceTree = "<group>"; };
		EB30944B1FE05A350011B937 /* TextureLoader.m */ = {isa = PBXFileReference; fileEncoding = 4; lastKnownFileType = sourcecode.c.objc; path = TextureLoader.m; sourceTree = "<group>"; };
		EB30944E1FE065D60011B937 /* ShaderBaseProgram.h */ = {isa = PBXFileReference; lastKnownFileType = sourcecode.c.h; name = ShaderBaseProgram.h; path = OpengGL/ShaderBaseProgram.h; sourceTree = "<group>"; };
		EB30944F1FE065D70011B937 /* ShaderBaseProgram.m */ = {isa = PBXFileReference; lastKnownFileType = sourcecode.c.objc; name = ShaderBaseProgram.m; path = OpengGL/ShaderBaseProgram.m; sourceTree = "<group>"; };
		EB3094511FE065F10011B937 /* RGBQuadFProgram.glsl */ = {isa = PBXFileReference; fileEncoding = 4; lastKnownFileType = text; name = RGBQuadFProgram.glsl; path = OpengGL/RGBQuadFProgram.glsl; sourceTree = "<group>"; };
		EB3094521FE065F10011B937 /* BlurVertexShader.glsl */ = {isa = PBXFileReference; fileEncoding = 4; lastKnownFileType = text; name = BlurVertexShader.glsl; path = OpengGL/BlurVertexShader.glsl; sourceTree = "<group>"; };
		EB3094531FE065F10011B937 /* BlurFrgmentShader.glsl */ = {isa = PBXFileReference; fileEncoding = 4; lastKnownFileType = text; name = BlurFrgmentShader.glsl; path = OpengGL/BlurFrgmentShader.glsl; sourceTree = "<group>"; };
		EB3094541FE065F10011B937 /* QuadVProgram.glsl */ = {isa = PBXFileReference; fileEncoding = 4; lastKnownFileType = text; name = QuadVProgram.glsl; path = OpengGL/QuadVProgram.glsl; sourceTree = "<group>"; };
		EB30945C1FE066EE0011B937 /* GLProgramInterface.h */ = {isa = PBXFileReference; lastKnownFileType = sourcecode.c.h; name = GLProgramInterface.h; path = OpengGL/GLProgramInterface.h; sourceTree = "<group>"; };
		EB30945F1FE067E10011B937 /* BlurShaderProgram.h */ = {isa = PBXFileReference; lastKnownFileType = sourcecode.c.h; name = BlurShaderProgram.h; path = OpengGL/BlurShaderProgram.h; sourceTree = "<group>"; };
		EB3094601FE067E10011B937 /* BlurShaderProgram.m */ = {isa = PBXFileReference; lastKnownFileType = sourcecode.c.objc; name = BlurShaderProgram.m; path = OpengGL/BlurShaderProgram.m; sourceTree = "<group>"; };
		EB5ED4E21FD9C04B0044CC42 /* image1.jpg */ = {isa = PBXFileReference; lastKnownFileType = image.jpeg; path = image1.jpg; sourceTree = "<group>"; };
		EB5ED4E41FD9C9220044CC42 /* img.png */ = {isa = PBXFileReference; lastKnownFileType = image.png; path = img.png; sourceTree = "<group>"; };
		EB74578E1FE077F100E19511 /* YUVQuadFProgram.glsl */ = {isa = PBXFileReference; fileEncoding = 4; lastKnownFileType = text; name = YUVQuadFProgram.glsl; path = OpengGL/YUVQuadFProgram.glsl; sourceTree = "<group>"; };
		EB754DE31FE3A5D200951581 /* TCCameraSession.h */ = {isa = PBXFileReference; fileEncoding = 4; lastKnownFileType = sourcecode.c.h; path = TCCameraSession.h; sourceTree = "<group>"; };
		EB754DE41FE3A5D200951581 /* TCCameraSession.m */ = {isa = PBXFileReference; fileEncoding = 4; lastKnownFileType = sourcecode.c.objc; path = TCCameraSession.m; sourceTree = "<group>"; };
		EB754DE91FE3A5E400951581 /* GLKDetectionView.m */ = {isa = PBXFileReference; fileEncoding = 4; lastKnownFileType = sourcecode.c.objc; path = GLKDetectionView.m; sourceTree = "<group>"; };
		EB754DEA1FE3A5E500951581 /* GLKDetectionView.h */ = {isa = PBXFileReference; fileEncoding = 4; lastKnownFileType = sourcecode.c.h; path = GLKDetectionView.h; sourceTree = "<group>"; };
		EB754DEC1FE3AAEE00951581 /* MSCameraViewController.m */ = {isa = PBXFileReference; fileEncoding = 4; lastKnownFileType = sourcecode.c.objc; path = MSCameraViewController.m; sourceTree = "<group>"; };
		EB754DED1FE3AAEE00951581 /* MSCameraViewController.h */ = {isa = PBXFileReference; fileEncoding = 4; lastKnownFileType = sourcecode.c.h; path = MSCameraViewController.h; sourceTree = "<group>"; };
/* End PBXFileReference section */

/* Begin PBXFrameworksBuildPhase section */
		BE12AF881F9EF52000FB2186 /* Frameworks */ = {
			isa = PBXFrameworksBuildPhase;
			buildActionMask = 2147483647;
			files = (
				EB0DD1101FDB22C80047FFA2 /* AVFoundation.framework in Frameworks */,
				BE1C3C321FA0574200D45815 /* QuartzCore.framework in Frameworks */,
				EB0DD1121FDB234C0047FFA2 /* CoreMedia.framework in Frameworks */,
				BE1C3C301FA0573A00D45815 /* OpenGLES.framework in Frameworks */,
			);
			runOnlyForDeploymentPostprocessing = 0;
		};
		BE12AFA11F9EF52000FB2186 /* Frameworks */ = {
			isa = PBXFrameworksBuildPhase;
			buildActionMask = 2147483647;
			files = (
			);
			runOnlyForDeploymentPostprocessing = 0;
		};
		BE12AFAC1F9EF52000FB2186 /* Frameworks */ = {
			isa = PBXFrameworksBuildPhase;
			buildActionMask = 2147483647;
			files = (
			);
			runOnlyForDeploymentPostprocessing = 0;
		};
/* End PBXFrameworksBuildPhase section */

/* Begin PBXGroup section */
		BE12AF821F9EF52000FB2186 = {
			isa = PBXGroup;
			children = (
				BE12AF8D1F9EF52000FB2186 /* DrawingTest */,
				BE12AFA71F9EF52000FB2186 /* DrawingTestTests */,
				BE12AFB21F9EF52000FB2186 /* DrawingTestUITests */,
				BE12AF8C1F9EF52000FB2186 /* Products */,
				BE1C3C2E1FA0573A00D45815 /* Frameworks */,
			);
			sourceTree = "<group>";
		};
		BE12AF8C1F9EF52000FB2186 /* Products */ = {
			isa = PBXGroup;
			children = (
				BE12AF8B1F9EF52000FB2186 /* DrawingTest.app */,
				BE12AFA41F9EF52000FB2186 /* DrawingTestTests.xctest */,
				BE12AFAF1F9EF52000FB2186 /* DrawingTestUITests.xctest */,
			);
			name = Products;
			sourceTree = "<group>";
		};
		BE12AF8D1F9EF52000FB2186 /* DrawingTest */ = {
			isa = PBXGroup;
			children = (
				EB30944D1FE0659D0011B937 /* OpengGL */,
				EBB886B81FDAB3B70035FB39 /* Resources */,
				BE12AF8E1F9EF52000FB2186 /* Supporting Files */,
				EB0DD1191FDB24800047FFA2 /* IPVFD */,
			);
			path = DrawingTest;
			sourceTree = "<group>";
		};
		BE12AF8E1F9EF52000FB2186 /* Supporting Files */ = {
			isa = PBXGroup;
			children = (
			);
			name = "Supporting Files";
			sourceTree = "<group>";
		};
		BE12AFA71F9EF52000FB2186 /* DrawingTestTests */ = {
			isa = PBXGroup;
			children = (
				BE12AFA81F9EF52000FB2186 /* DrawingTestTests.m */,
				BE12AFAA1F9EF52000FB2186 /* Info.plist */,
			);
			path = DrawingTestTests;
			sourceTree = "<group>";
		};
		BE12AFB21F9EF52000FB2186 /* DrawingTestUITests */ = {
			isa = PBXGroup;
			children = (
				BE12AFB31F9EF52000FB2186 /* DrawingTestUITests.m */,
				BE12AFB51F9EF52000FB2186 /* Info.plist */,
			);
			path = DrawingTestUITests;
			sourceTree = "<group>";
		};
		BE1C3C2E1FA0573A00D45815 /* Frameworks */ = {
			isa = PBXGroup;
			children = (
				EB0DD1111FDB22CD0047FFA2 /* CoreMedia.framework */,
				EB0DD10F1FDB22A20047FFA2 /* AVFoundation.framework */,
				BE1C3C311FA0574200D45815 /* QuartzCore.framework */,
				BE1C3C2F1FA0573A00D45815 /* OpenGLES.framework */,
			);
			name = Frameworks;
			sourceTree = "<group>";
		};
		EB0DD1191FDB24800047FFA2 /* IPVFD */ = {
			isa = PBXGroup;
			children = (
				EB30944A1FE05A340011B937 /* TextureLoader.h */,
				EB30944B1FE05A350011B937 /* TextureLoader.m */,
				EB0456661FDB1C4E00247AF4 /* CameraGLView.h */,
				EB0456671FDB1C4E00247AF4 /* CameraGLView.m */,
				EB04566A1FDB1F0F00247AF4 /* FDCameraRenderer.h */,
				EB04566B1FDB1F0F00247AF4 /* FDCameraRenderer.mm */,
				EB0456691FDB1DC100247AF4 /* FDShaders.h */,
				EB0DD1131FDB24740047FFA2 /* FDCameraSessionHandler.h */,
				EB0DD1141FDB24740047FFA2 /* FDCameraSessionHandler.mm */,
				EB0DD1161FDB24750047FFA2 /* FDCameraViewController.h */,
				EB0DD1151FDB24750047FFA2 /* FDCameraViewController.mm */,
			);
			name = IPVFD;
			sourceTree = "<group>";
		};
		EB30944D1FE0659D0011B937 /* OpengGL */ = {
			isa = PBXGroup;
			children = (
				EB754DE31FE3A5D200951581 /* TCCameraSession.h */,
				EB754DE41FE3A5D200951581 /* TCCameraSession.m */,
				EB754DEA1FE3A5E500951581 /* GLKDetectionView.h */,
				EB754DE91FE3A5E400951581 /* GLKDetectionView.m */,
				EB754DED1FE3AAEE00951581 /* MSCameraViewController.h */,
				EB754DEC1FE3AAEE00951581 /* MSCameraViewController.m */,
				EB3094591FE065F90011B937 /* ShaderPrograms */,
				EB30945A1FE0661F0011B937 /* OpenGLUI */,
				EB30945B1FE0662E0011B937 /* OpenGLDT */,
			);
			name = OpengGL;
			sourceTree = "<group>";
		};
		EB3094591FE065F90011B937 /* ShaderPrograms */ = {
			isa = PBXGroup;
			children = (
				EB7457901FE07D9400E19511 /* BlurShader */,
				EB7457911FE07D9F00E19511 /* Quads_FinalOutput */,
			);
			name = ShaderPrograms;
			sourceTree = "<group>";
		};
		EB30945A1FE0661F0011B937 /* OpenGLUI */ = {
			isa = PBXGroup;
			children = (
				BE1C3C2B1FA0571C00D45815 /* OpenGLView.h */,
				BE1C3C2C1FA0571C00D45815 /* OpenGLView.mm */,
				BE1C3C331FA057C400D45815 /* GLViewController.h */,
				BE1C3C341FA057C400D45815 /* GLViewController.m */,
			);
			name = OpenGLUI;
			sourceTree = "<group>";
		};
		EB30945B1FE0662E0011B937 /* OpenGLDT */ = {
			isa = PBXGroup;
			children = (
				EB30945C1FE066EE0011B937 /* GLProgramInterface.h */,
				EB30944E1FE065D60011B937 /* ShaderBaseProgram.h */,
				EB30944F1FE065D70011B937 /* ShaderBaseProgram.m */,
				EB30945F1FE067E10011B937 /* BlurShaderProgram.h */,
				EB3094601FE067E10011B937 /* BlurShaderProgram.m */,
			);
			name = OpenGLDT;
			sourceTree = "<group>";
		};
		EB7457901FE07D9400E19511 /* BlurShader */ = {
			isa = PBXGroup;
			children = (
				EB3094521FE065F10011B937 /* BlurVertexShader.glsl */,
				EB3094531FE065F10011B937 /* BlurFrgmentShader.glsl */,
			);
			name = BlurShader;
			sourceTree = "<group>";
		};
		EB7457911FE07D9F00E19511 /* Quads_FinalOutput */ = {
			isa = PBXGroup;
			children = (
				EB3094541FE065F10011B937 /* QuadVProgram.glsl */,
				EB3094511FE065F10011B937 /* RGBQuadFProgram.glsl */,
				EB74578E1FE077F100E19511 /* YUVQuadFProgram.glsl */,
			);
			name = Quads_FinalOutput;
			sourceTree = "<group>";
		};
		EBB886B81FDAB3B70035FB39 /* Resources */ = {
			isa = PBXGroup;
			children = (
				EB5ED4E21FD9C04B0044CC42 /* image1.jpg */,
				BEE52CB21FAA1C60001E1A7E /* bw.jpg */,
				BEE52CAE1FAA0D48001E1A7E /* mk.png */,
				BEE52CB01FAA1AF3001E1A7E /* cat.png */,
				EB0F84FA1FBBA41D00B8DCC7 /* spot2.jpg */,
				BE3BB9601FA09E87003E63C7 /* Particle.png */,
				BE12AF911F9EF52000FB2186 /* AppDelegate.h */,
				BE12AF921F9EF52000FB2186 /* AppDelegate.m */,
				EB5ED4E41FD9C9220044CC42 /* img.png */,
				BE12AFC41F9EFB1400FB2186 /* image.jpg */,
				EB0F84F61FBB9C2600B8DCC7 /* image.jpeg */,
				EB0F84F81FBBA10800B8DCC7 /* spot.jpg */,
				BE12AF971F9EF52000FB2186 /* Main.storyboard */,
				BE12AF9A1F9EF52000FB2186 /* Assets.xcassets */,
				BE12AF9C1F9EF52000FB2186 /* LaunchScreen.storyboard */,
				BE12AF9F1F9EF52000FB2186 /* Info.plist */,
				BE12AF8F1F9EF52000FB2186 /* main.m */,
			);
			name = Resources;
			sourceTree = "<group>";
		};
/* End PBXGroup section */

/* Begin PBXNativeTarget section */
		BE12AF8A1F9EF52000FB2186 /* DrawingTest */ = {
			isa = PBXNativeTarget;
			buildConfigurationList = BE12AFB81F9EF52000FB2186 /* Build configuration list for PBXNativeTarget "DrawingTest" */;
			buildPhases = (
				BE12AF871F9EF52000FB2186 /* Sources */,
				BE12AF881F9EF52000FB2186 /* Frameworks */,
				BE12AF891F9EF52000FB2186 /* Resources */,
			);
			buildRules = (
			);
			dependencies = (
			);
			name = DrawingTest;
			productName = DrawingTest;
			productReference = BE12AF8B1F9EF52000FB2186 /* DrawingTest.app */;
			productType = "com.apple.product-type.application";
		};
		BE12AFA31F9EF52000FB2186 /* DrawingTestTests */ = {
			isa = PBXNativeTarget;
			buildConfigurationList = BE12AFBB1F9EF52000FB2186 /* Build configuration list for PBXNativeTarget "DrawingTestTests" */;
			buildPhases = (
				BE12AFA01F9EF52000FB2186 /* Sources */,
				BE12AFA11F9EF52000FB2186 /* Frameworks */,
				BE12AFA21F9EF52000FB2186 /* Resources */,
			);
			buildRules = (
			);
			dependencies = (
				BE12AFA61F9EF52000FB2186 /* PBXTargetDependency */,
			);
			name = DrawingTestTests;
			productName = DrawingTestTests;
			productReference = BE12AFA41F9EF52000FB2186 /* DrawingTestTests.xctest */;
			productType = "com.apple.product-type.bundle.unit-test";
		};
		BE12AFAE1F9EF52000FB2186 /* DrawingTestUITests */ = {
			isa = PBXNativeTarget;
			buildConfigurationList = BE12AFBE1F9EF52000FB2186 /* Build configuration list for PBXNativeTarget "DrawingTestUITests" */;
			buildPhases = (
				BE12AFAB1F9EF52000FB2186 /* Sources */,
				BE12AFAC1F9EF52000FB2186 /* Frameworks */,
				BE12AFAD1F9EF52000FB2186 /* Resources */,
			);
			buildRules = (
			);
			dependencies = (
				BE12AFB11F9EF52000FB2186 /* PBXTargetDependency */,
			);
			name = DrawingTestUITests;
			productName = DrawingTestUITests;
			productReference = BE12AFAF1F9EF52000FB2186 /* DrawingTestUITests.xctest */;
			productType = "com.apple.product-type.bundle.ui-testing";
		};
/* End PBXNativeTarget section */

/* Begin PBXProject section */
		BE12AF831F9EF52000FB2186 /* Project object */ = {
			isa = PBXProject;
			attributes = {
				CLASSPREFIX = GS;
				LastUpgradeCheck = 0820;
				ORGANIZATIONNAME = "Mostafizur Rahman";
				TargetAttributes = {
					BE12AF8A1F9EF52000FB2186 = {
						CreatedOnToolsVersion = 8.2;
						DevelopmentTeam = 2VZ7V842VP;
						ProvisioningStyle = Automatic;
					};
					BE12AFA31F9EF52000FB2186 = {
						CreatedOnToolsVersion = 8.2;
						ProvisioningStyle = Automatic;
						TestTargetID = BE12AF8A1F9EF52000FB2186;
					};
					BE12AFAE1F9EF52000FB2186 = {
						CreatedOnToolsVersion = 8.2;
						ProvisioningStyle = Automatic;
						TestTargetID = BE12AF8A1F9EF52000FB2186;
					};
				};
			};
			buildConfigurationList = BE12AF861F9EF52000FB2186 /* Build configuration list for PBXProject "OpenShader" */;
			compatibilityVersion = "Xcode 3.2";
			developmentRegion = English;
			hasScannedForEncodings = 0;
			knownRegions = (
				en,
				Base,
			);
			mainGroup = BE12AF821F9EF52000FB2186;
			productRefGroup = BE12AF8C1F9EF52000FB2186 /* Products */;
			projectDirPath = "";
			projectRoot = "";
			targets = (
				BE12AF8A1F9EF52000FB2186 /* DrawingTest */,
				BE12AFA31F9EF52000FB2186 /* DrawingTestTests */,
				BE12AFAE1F9EF52000FB2186 /* DrawingTestUITests */,
			);
		};
/* End PBXProject section */

/* Begin PBXResourcesBuildPhase section */
		BE12AF891F9EF52000FB2186 /* Resources */ = {
			isa = PBXResourcesBuildPhase;
			buildActionMask = 2147483647;
			files = (
				EB3094551FE065F10011B937 /* RGBQuadFProgram.glsl in Resources */,
				EB74578F1FE077F100E19511 /* YUVQuadFProgram.glsl in Resources */,
				BEE52CB31FAA1C60001E1A7E /* bw.jpg in Resources */,
				EB0F84F91FBBA10800B8DCC7 /* spot.jpg in Resources */,
				BEE52CB11FAA1AF3001E1A7E /* cat.png in Resources */,
				BE12AF9E1F9EF52000FB2186 /* LaunchScreen.storyboard in Resources */,
				EB3094571FE065F10011B937 /* BlurFrgmentShader.glsl in Resources */,
				BEE52CAF1FAA0D48001E1A7E /* mk.png in Resources */,
				EB3094561FE065F10011B937 /* BlurVertexShader.glsl in Resources */,
				BE12AF9B1F9EF52000FB2186 /* Assets.xcassets in Resources */,
				EB0F84FB1FBBA41D00B8DCC7 /* spot2.jpg in Resources */,
				EB3094581FE065F10011B937 /* QuadVProgram.glsl in Resources */,
				EB5ED4E31FD9C04C0044CC42 /* image1.jpg in Resources */,
				EB0F84F71FBB9C2600B8DCC7 /* image.jpeg in Resources */,
				BE3BB9611FA09E87003E63C7 /* Particle.png in Resources */,
				EB5ED4E51FD9C9220044CC42 /* img.png in Resources */,
				BE12AF991F9EF52000FB2186 /* Main.storyboard in Resources */,
				BE12AFC51F9EFB1400FB2186 /* image.jpg in Resources */,
			);
			runOnlyForDeploymentPostprocessing = 0;
		};
		BE12AFA21F9EF52000FB2186 /* Resources */ = {
			isa = PBXResourcesBuildPhase;
			buildActionMask = 2147483647;
			files = (
			);
			runOnlyForDeploymentPostprocessing = 0;
		};
		BE12AFAD1F9EF52000FB2186 /* Resources */ = {
			isa = PBXResourcesBuildPhase;
			buildActionMask = 2147483647;
			files = (
			);
			runOnlyForDeploymentPostprocessing = 0;
		};
/* End PBXResourcesBuildPhase section */

/* Begin PBXSourcesBuildPhase section */
		BE12AF871F9EF52000FB2186 /* Sources */ = {
			isa = PBXSourcesBuildPhase;
			buildActionMask = 2147483647;
			files = (
				EB04566C1FDB1F0F00247AF4 /* FDCameraRenderer.mm in Sources */,
				EB754DEE1FE3AAEE00951581 /* MSCameraViewController.m in Sources */,
				EB0DD1181FDB24750047FFA2 /* FDCameraViewController.mm in Sources */,
				EB0456681FDB1C4E00247AF4 /* CameraGLView.m in Sources */,
				BE1C3C351FA057C400D45815 /* GLViewController.m in Sources */,
				EB754DE51FE3A5D300951581 /* TCCameraSession.m in Sources */,
				EB30944C1FE05A350011B937 /* TextureLoader.m in Sources */,
				BE12AF931F9EF52000FB2186 /* AppDelegate.m in Sources */,
				EB0DD1171FDB24750047FFA2 /* FDCameraSessionHandler.mm in Sources */,
				BE12AF901F9EF52000FB2186 /* main.m in Sources */,
				EB754DEB1FE3A5E500951581 /* GLKDetectionView.m in Sources */,
				EB3094611FE067E10011B937 /* BlurShaderProgram.m in Sources */,
				EB3094501FE065D70011B937 /* ShaderBaseProgram.m in Sources */,
				BE1C3C2D1FA0571C00D45815 /* OpenGLView.mm in Sources */,
			);
			runOnlyForDeploymentPostprocessing = 0;
		};
		BE12AFA01F9EF52000FB2186 /* Sources */ = {
			isa = PBXSourcesBuildPhase;
			buildActionMask = 2147483647;
			files = (
				BE12AFA91F9EF52000FB2186 /* DrawingTestTests.m in Sources */,
			);
			runOnlyForDeploymentPostprocessing = 0;
		};
		BE12AFAB1F9EF52000FB2186 /* Sources */ = {
			isa = PBXSourcesBuildPhase;
			buildActionMask = 2147483647;
			files = (
				BE12AFB41F9EF52000FB2186 /* DrawingTestUITests.m in Sources */,
			);
			runOnlyForDeploymentPostprocessing = 0;
		};
/* End PBXSourcesBuildPhase section */

/* Begin PBXTargetDependency section */
		BE12AFA61F9EF52000FB2186 /* PBXTargetDependency */ = {
			isa = PBXTargetDependency;
			target = BE12AF8A1F9EF52000FB2186 /* DrawingTest */;
			targetProxy = BE12AFA51F9EF52000FB2186 /* PBXContainerItemProxy */;
		};
		BE12AFB11F9EF52000FB2186 /* PBXTargetDependency */ = {
			isa = PBXTargetDependency;
			target = BE12AF8A1F9EF52000FB2186 /* DrawingTest */;
			targetProxy = BE12AFB01F9EF52000FB2186 /* PBXContainerItemProxy */;
		};
/* End PBXTargetDependency section */

/* Begin PBXVariantGroup section */
		BE12AF971F9EF52000FB2186 /* Main.storyboard */ = {
			isa = PBXVariantGroup;
			children = (
				BE12AF981F9EF52000FB2186 /* Base */,
			);
			name = Main.storyboard;
			sourceTree = "<group>";
		};
		BE12AF9C1F9EF52000FB2186 /* LaunchScreen.storyboard */ = {
			isa = PBXVariantGroup;
			children = (
				BE12AF9D1F9EF52000FB2186 /* Base */,
			);
			name = LaunchScreen.storyboard;
			sourceTree = "<group>";
		};
/* End PBXVariantGroup section */

/* Begin XCBuildConfiguration section */
		BE12AFB61F9EF52000FB2186 /* Debug */ = {
			isa = XCBuildConfiguration;
			buildSettings = {
				ALWAYS_SEARCH_USER_PATHS = NO;
				CLANG_ANALYZER_NONNULL = YES;
				CLANG_CXX_LANGUAGE_STANDARD = "gnu++0x";
				CLANG_CXX_LIBRARY = "libc++";
				CLANG_ENABLE_MODULES = YES;
				CLANG_ENABLE_OBJC_ARC = YES;
				CLANG_WARN_BOOL_CONVERSION = YES;
				CLANG_WARN_CONSTANT_CONVERSION = YES;
				CLANG_WARN_DIRECT_OBJC_ISA_USAGE = YES_ERROR;
				CLANG_WARN_DOCUMENTATION_COMMENTS = YES;
				CLANG_WARN_EMPTY_BODY = YES;
				CLANG_WARN_ENUM_CONVERSION = YES;
				CLANG_WARN_INFINITE_RECURSION = YES;
				CLANG_WARN_INT_CONVERSION = YES;
				CLANG_WARN_OBJC_ROOT_CLASS = YES_ERROR;
				CLANG_WARN_SUSPICIOUS_MOVE = YES;
				CLANG_WARN_UNREACHABLE_CODE = YES;
				CLANG_WARN__DUPLICATE_METHOD_MATCH = YES;
				"CODE_SIGN_IDENTITY[sdk=iphoneos*]" = "iPhone Developer";
				COPY_PHASE_STRIP = NO;
				DEBUG_INFORMATION_FORMAT = dwarf;
				ENABLE_STRICT_OBJC_MSGSEND = YES;
				ENABLE_TESTABILITY = YES;
				GCC_C_LANGUAGE_STANDARD = gnu99;
				GCC_DYNAMIC_NO_PIC = NO;
				GCC_NO_COMMON_BLOCKS = YES;
				GCC_OPTIMIZATION_LEVEL = 0;
				GCC_PREPROCESSOR_DEFINITIONS = (
					"DEBUG=1",
					"$(inherited)",
				);
				GCC_WARN_64_TO_32_BIT_CONVERSION = YES;
				GCC_WARN_ABOUT_RETURN_TYPE = YES_ERROR;
				GCC_WARN_UNDECLARED_SELECTOR = YES;
				GCC_WARN_UNINITIALIZED_AUTOS = YES_AGGRESSIVE;
				GCC_WARN_UNUSED_FUNCTION = YES;
				GCC_WARN_UNUSED_VARIABLE = YES;
				IPHONEOS_DEPLOYMENT_TARGET = 10.2;
				MTL_ENABLE_DEBUG_INFO = YES;
				ONLY_ACTIVE_ARCH = YES;
				SDKROOT = iphoneos;
				TARGETED_DEVICE_FAMILY = "1,2";
			};
			name = Debug;
		};
		BE12AFB71F9EF52000FB2186 /* Release */ = {
			isa = XCBuildConfiguration;
			buildSettings = {
				ALWAYS_SEARCH_USER_PATHS = NO;
				CLANG_ANALYZER_NONNULL = YES;
				CLANG_CXX_LANGUAGE_STANDARD = "gnu++0x";
				CLANG_CXX_LIBRARY = "libc++";
				CLANG_ENABLE_MODULES = YES;
				CLANG_ENABLE_OBJC_ARC = YES;
				CLANG_WARN_BOOL_CONVERSION = YES;
				CLANG_WARN_CONSTANT_CONVERSION = YES;
				CLANG_WARN_DIRECT_OBJC_ISA_USAGE = YES_ERROR;
				CLANG_WARN_DOCUMENTATION_COMMENTS = YES;
				CLANG_WARN_EMPTY_BODY = YES;
				CLANG_WARN_ENUM_CONVERSION = YES;
				CLANG_WARN_INFINITE_RECURSION = YES;
				CLANG_WARN_INT_CONVERSION = YES;
				CLANG_WARN_OBJC_ROOT_CLASS = YES_ERROR;
				CLANG_WARN_SUSPICIOUS_MOVE = YES;
				CLANG_WARN_UNREACHABLE_CODE = YES;
				CLANG_WARN__DUPLICATE_METHOD_MATCH = YES;
				"CODE_SIGN_IDENTITY[sdk=iphoneos*]" = "iPhone Developer";
				COPY_PHASE_STRIP = NO;
				DEBUG_INFORMATION_FORMAT = "dwarf-with-dsym";
				ENABLE_NS_ASSERTIONS = NO;
				ENABLE_STRICT_OBJC_MSGSEND = YES;
				GCC_C_LANGUAGE_STANDARD = gnu99;
				GCC_NO_COMMON_BLOCKS = YES;
				GCC_WARN_64_TO_32_BIT_CONVERSION = YES;
				GCC_WARN_ABOUT_RETURN_TYPE = YES_ERROR;
				GCC_WARN_UNDECLARED_SELECTOR = YES;
				GCC_WARN_UNINITIALIZED_AUTOS = YES_AGGRESSIVE;
				GCC_WARN_UNUSED_FUNCTION = YES;
				GCC_WARN_UNUSED_VARIABLE = YES;
				IPHONEOS_DEPLOYMENT_TARGET = 10.2;
				MTL_ENABLE_DEBUG_INFO = NO;
				SDKROOT = iphoneos;
				TARGETED_DEVICE_FAMILY = "1,2";
				VALIDATE_PRODUCT = YES;
			};
			name = Release;
		};
		BE12AFB91F9EF52000FB2186 /* Debug */ = {
			isa = XCBuildConfiguration;
			buildSettings = {
				ASSETCATALOG_COMPILER_APPICON_NAME = AppIcon;
				"CODE_SIGN_IDENTITY[sdk=iphoneos*]" = "iPhone Developer";
				CODE_SIGN_STYLE = Automatic;
				DEVELOPMENT_TEAM = 2VZ7V842VP;
				INFOPLIST_FILE = DrawingTest/Info.plist;
				IPHONEOS_DEPLOYMENT_TARGET = 8.0;
				LD_RUNPATH_SEARCH_PATHS = "$(inherited) @executable_path/Frameworks";
				PRODUCT_BUNDLE_IDENTIFIER = com.ipvision.ca;
				PRODUCT_NAME = "$(TARGET_NAME)";
				PROVISIONING_PROFILE_SPECIFIER = "";
			};
			name = Debug;
		};
		BE12AFBA1F9EF52000FB2186 /* Release */ = {
			isa = XCBuildConfiguration;
			buildSettings = {
				ASSETCATALOG_COMPILER_APPICON_NAME = AppIcon;
				"CODE_SIGN_IDENTITY[sdk=iphoneos*]" = "iPhone Developer";
				CODE_SIGN_STYLE = Automatic;
				DEVELOPMENT_TEAM = 2VZ7V842VP;
				INFOPLIST_FILE = DrawingTest/Info.plist;
				IPHONEOS_DEPLOYMENT_TARGET = 8.0;
				LD_RUNPATH_SEARCH_PATHS = "$(inherited) @executable_path/Frameworks";
				PRODUCT_BUNDLE_IDENTIFIER = com.ipvision.ca;
				PRODUCT_NAME = "$(TARGET_NAME)";
				PROVISIONING_PROFILE_SPECIFIER = "";
			};
			name = Release;
		};
		BE12AFBC1F9EF52000FB2186 /* Debug */ = {
			isa = XCBuildConfiguration;
			buildSettings = {
				BUNDLE_LOADER = "$(TEST_HOST)";
				INFOPLIST_FILE = DrawingTestTests/Info.plist;
				LD_RUNPATH_SEARCH_PATHS = "$(inherited) @executable_path/Frameworks @loader_path/Frameworks";
				PRODUCT_BUNDLE_IDENTIFIER = com.ipvision.DrawingTestTests;
				PRODUCT_NAME = "$(TARGET_NAME)";
				TEST_HOST = "$(BUILT_PRODUCTS_DIR)/DrawingTest.app/DrawingTest";
			};
			name = Debug;
		};
		BE12AFBD1F9EF52000FB2186 /* Release */ = {
			isa = XCBuildConfiguration;
			buildSettings = {
				BUNDLE_LOADER = "$(TEST_HOST)";
				INFOPLIST_FILE = DrawingTestTests/Info.plist;
				LD_RUNPATH_SEARCH_PATHS = "$(inherited) @executable_path/Frameworks @loader_path/Frameworks";
				PRODUCT_BUNDLE_IDENTIFIER = com.ipvision.DrawingTestTests;
				PRODUCT_NAME = "$(TARGET_NAME)";
				TEST_HOST = "$(BUILT_PRODUCTS_DIR)/DrawingTest.app/DrawingTest";
			};
			name = Release;
		};
		BE12AFBF1F9EF52000FB2186 /* Debug */ = {
			isa = XCBuildConfiguration;
			buildSettings = {
				INFOPLIST_FILE = DrawingTestUITests/Info.plist;
				LD_RUNPATH_SEARCH_PATHS = "$(inherited) @executable_path/Frameworks @loader_path/Frameworks";
				PRODUCT_BUNDLE_IDENTIFIER = com.ipvision.DrawingTestUITests;
				PRODUCT_NAME = "$(TARGET_NAME)";
				TEST_TARGET_NAME = DrawingTest;
			};
			name = Debug;
		};
		BE12AFC01F9EF52000FB2186 /* Release */ = {
			isa = XCBuildConfiguration;
			buildSettings = {
				INFOPLIST_FILE = DrawingTestUITests/Info.plist;
				LD_RUNPATH_SEARCH_PATHS = "$(inherited) @executable_path/Frameworks @loader_path/Frameworks";
				PRODUCT_BUNDLE_IDENTIFIER = com.ipvision.DrawingTestUITests;
				PRODUCT_NAME = "$(TARGET_NAME)";
				TEST_TARGET_NAME = DrawingTest;
			};
			name = Release;
		};
/* End XCBuildConfiguration section */

/* Begin XCConfigurationList section */
		BE12AF861F9EF52000FB2186 /* Build configuration list for PBXProject "OpenShader" */ = {
			isa = XCConfigurationList;
			buildConfigurations = (
				BE12AFB61F9EF52000FB2186 /* Debug */,
				BE12AFB71F9EF52000FB2186 /* Release */,
			);
			defaultConfigurationIsVisible = 0;
			defaultConfigurationName = Release;
		};
		BE12AFB81F9EF52000FB2186 /* Build configuration list for PBXNativeTarget "DrawingTest" */ = {
			isa = XCConfigurationList;
			buildConfigurations = (
				BE12AFB91F9EF52000FB2186 /* Debug */,
				BE12AFBA1F9EF52000FB2186 /* Release */,
			);
			defaultConfigurationIsVisible = 0;
			defaultConfigurationName = Release;
		};
		BE12AFBB1F9EF52000FB2186 /* Build configuration list for PBXNativeTarget "DrawingTestTests" */ = {
			isa = XCConfigurationList;
			buildConfigurations = (
				BE12AFBC1F9EF52000FB2186 /* Debug */,
				BE12AFBD1F9EF52000FB2186 /* Release */,
			);
			defaultConfigurationIsVisible = 0;
			defaultConfigurationName = Release;
		};
		BE12AFBE1F9EF52000FB2186 /* Build configuration list for PBXNativeTarget "DrawingTestUITests" */ = {
			isa = XCConfigurationList;
			buildConfigurations = (
				BE12AFBF1F9EF52000FB2186 /* Debug */,
				BE12AFC01F9EF52000FB2186 /* Release */,
			);
			defaultConfigurationIsVisible = 0;
			defaultConfigurationName = Release;
		};
/* End XCConfigurationList section */
	};
	rootObject = BE12AF831F9EF52000FB2186 /* Project object */;
}
